
Microsoft Visual Studio Solution File, Format Version 12.00
# Visual Studio 15
VisualStudioVersion = 15.0.27004.2002
MinimumVisualStudioVersion = 10.0.40219.1
Project("{FAE04EC0-301F-11D3-BF4B-00C04F79EFBC}") = "zadanie1", "zadanie1\zadanie1.csproj", "{AA02B06C-4E0F-4308-A4AC-705B13AAA757}"
EndProject
Project("{FAE04EC0-301F-11D3-BF4B-00C04F79EFBC}") = "zadanie2", "zadanie2\zadanie2.csproj", "{271C8040-5001-4CE1-A15F-C7A60A63596A}"
EndProject
Project("{FAE04EC0-301F-11D3-BF4B-00C04F79EFBC}") = "zadanie4", "zadanie4\zadanie4.csproj", "{7EDBDED1-BD87-4FF7-BE42-05F6DC7F8130}"
EndProject
Project("{FAE04EC0-301F-11D3-BF4B-00C04F79EFBC}") = "zadanie3", "zadanie3\zadanie3.csproj", "{81D1A0B5-CF41-4F45-B27D-EE356185FB99}"
EndProject
Project("{FAE04EC0-301F-11D3-BF4B-00C04F79EFBC}") = "zadanie5", "zadanie 5\zadanie5.csproj", "{C3FCF1F3-0645-46BC-B335-7B2E1E087522}"
EndProject
Project("{FAE04EC0-301F-11D3-BF4B-00C04F79EFBC}") = "zadanie7", "zadanie6\zadanie7.csproj", "{FF34BEC1-D88C-41E0-9FBC-56174B6C4960}"
EndProject
Project("{FAE04EC0-301F-11D3-BF4B-00C04F79EFBC}") = "zadaniee6", "zadaniee6\zadaniee6.csproj", "{DD843B52-32DB-4CCB-AC04-60D298B410C7}"
EndProject
Project("{FAE04EC0-301F-11D3-BF4B-00C04F79EFBC}") = "zadanie8", "zadanie8\zadanie8.csproj", "{36597E97-D697-40F6-982E-163F7AF5474D}"
EndProject
Project("{FAE04EC0-301F-11D3-BF4B-00C04F79EFBC}") = "zadanie9", "zadanie9\zadanie9.csproj", "{89894D69-D2C8-45EF-B744-BEE77B259BE5}"
EndProject
Project("{FAE04EC0-301F-11D3-BF4B-00C04F79EFBC}") = "zadanie10", "zadanie10\zadanie10.csproj", "{B27126B9-CA29-4599-B40D-BF78A75DA603}"
EndProject
Project("{FAE04EC0-301F-11D3-BF4B-00C04F79EFBC}") = "zadanie11", "zadanie11\zadanie11.csproj", "{E9E0974E-F0FD-48B5-89A9-7AEE940F5A75}"
EndProject
Project("{FAE04EC0-301F-11D3-BF4B-00C04F79EFBC}") = "zadanie12", "zadanie12\zadanie12.csproj", "{0F938AA4-BBF3-461F-A572-3FB710A0A3FD}"
EndProject
Project("{FAE04EC0-301F-11D3-BF4B-00C04F79EFBC}") = "zadanie13", "zadanie13\zadanie13.csproj", "{25409CFF-7481-4057-85D9-2C09F1648B6B}"
EndProject
Project("{FAE04EC0-301F-11D3-BF4B-00C04F79EFBC}") = "zadanie14", "zadanie14\zadanie14.csproj", "{2477209E-EE58-4505-9B20-370DA75773D3}"
EndProject
Project("{FAE04EC0-301F-11D3-BF4B-00C04F79EFBC}") = "zadanie15", "zadanie15\zadanie15.csproj", "{81ECA20E-ED78-4D29-9F7D-57E1E2CBBD99}"
EndProject
Project("{FAE04EC0-301F-11D3-BF4B-00C04F79EFBC}") = "zadanie16", "zadanie16\zadanie16.csproj", "{4BCCBF58-CFB3-43DA-AE67-E43165432AC3}"
EndProject
Project("{FAE04EC0-301F-11D3-BF4B-00C04F79EFBC}") = "proverka1", "proverka1\proverka1.csproj", "{0BB174DA-C454-4EB2-91D3-0DDD936A062C}"
EndProject
Project("{FAE04EC0-301F-11D3-BF4B-00C04F79EFBC}") = "zadanie18", "zadanie18\zadanie18.csproj", "{9D125C45-7BC6-43E5-A737-CE38A256FE67}"
EndProject
Global
	GlobalSection(SolutionConfigurationPlatforms) = preSolution
		Debug|Any CPU = Debug|Any CPU
		Release|Any CPU = Release|Any CPU
	EndGlobalSection
	GlobalSection(ProjectConfigurationPlatforms) = postSolution
		{AA02B06C-4E0F-4308-A4AC-705B13AAA757}.Debug|Any CPU.ActiveCfg = Debug|Any CPU
		{AA02B06C-4E0F-4308-A4AC-705B13AAA757}.Debug|Any CPU.Build.0 = Debug|Any CPU
		{AA02B06C-4E0F-4308-A4AC-705B13AAA757}.Release|Any CPU.ActiveCfg = Release|Any CPU
		{AA02B06C-4E0F-4308-A4AC-705B13AAA757}.Release|Any CPU.Build.0 = Release|Any CPU
		{271C8040-5001-4CE1-A15F-C7A60A63596A}.Debug|Any CPU.ActiveCfg = Debug|Any CPU
		{271C8040-5001-4CE1-A15F-C7A60A63596A}.Debug|Any CPU.Build.0 = Debug|Any CPU
		{271C8040-5001-4CE1-A15F-C7A60A63596A}.Release|Any CPU.ActiveCfg = Release|Any CPU
		{271C8040-5001-4CE1-A15F-C7A60A63596A}.Release|Any CPU.Build.0 = Release|Any CPU
		{7EDBDED1-BD87-4FF7-BE42-05F6DC7F8130}.Debug|Any CPU.ActiveCfg = Debug|Any CPU
		{7EDBDED1-BD87-4FF7-BE42-05F6DC7F8130}.Debug|Any CPU.Build.0 = Debug|Any CPU
		{7EDBDED1-BD87-4FF7-BE42-05F6DC7F8130}.Release|Any CPU.ActiveCfg = Release|Any CPU
		{7EDBDED1-BD87-4FF7-BE42-05F6DC7F8130}.Release|Any CPU.Build.0 = Release|Any CPU
		{81D1A0B5-CF41-4F45-B27D-EE356185FB99}.Debug|Any CPU.ActiveCfg = Debug|Any CPU
		{81D1A0B5-CF41-4F45-B27D-EE356185FB99}.Debug|Any CPU.Build.0 = Debug|Any CPU
		{81D1A0B5-CF41-4F45-B27D-EE356185FB99}.Release|Any CPU.ActiveCfg = Release|Any CPU
		{81D1A0B5-CF41-4F45-B27D-EE356185FB99}.Release|Any CPU.Build.0 = Release|Any CPU
		{C3FCF1F3-0645-46BC-B335-7B2E1E087522}.Debug|Any CPU.ActiveCfg = Debug|Any CPU
		{C3FCF1F3-0645-46BC-B335-7B2E1E087522}.Debug|Any CPU.Build.0 = Debug|Any CPU
		{C3FCF1F3-0645-46BC-B335-7B2E1E087522}.Release|Any CPU.ActiveCfg = Release|Any CPU
		{C3FCF1F3-0645-46BC-B335-7B2E1E087522}.Release|Any CPU.Build.0 = Release|Any CPU
		{FF34BEC1-D88C-41E0-9FBC-56174B6C4960}.Debug|Any CPU.ActiveCfg = Debug|Any CPU
		{FF34BEC1-D88C-41E0-9FBC-56174B6C4960}.Debug|Any CPU.Build.0 = Debug|Any CPU
		{FF34BEC1-D88C-41E0-9FBC-56174B6C4960}.Release|Any CPU.ActiveCfg = Release|Any CPU
		{FF34BEC1-D88C-41E0-9FBC-56174B6C4960}.Release|Any CPU.Build.0 = Release|Any CPU
		{DD843B52-32DB-4CCB-AC04-60D298B410C7}.Debug|Any CPU.ActiveCfg = Debug|Any CPU
		{DD843B52-32DB-4CCB-AC04-60D298B410C7}.Debug|Any CPU.Build.0 = Debug|Any CPU
		{DD843B52-32DB-4CCB-AC04-60D298B410C7}.Release|Any CPU.ActiveCfg = Release|Any CPU
		{DD843B52-32DB-4CCB-AC04-60D298B410C7}.Release|Any CPU.Build.0 = Release|Any CPU
		{36597E97-D697-40F6-982E-163F7AF5474D}.Debug|Any CPU.ActiveCfg = Debug|Any CPU
		{36597E97-D697-40F6-982E-163F7AF5474D}.Debug|Any CPU.Build.0 = Debug|Any CPU
		{36597E97-D697-40F6-982E-163F7AF5474D}.Release|Any CPU.ActiveCfg = Release|Any CPU
		{36597E97-D697-40F6-982E-163F7AF5474D}.Release|Any CPU.Build.0 = Release|Any CPU
		{89894D69-D2C8-45EF-B744-BEE77B259BE5}.Debug|Any CPU.ActiveCfg = Debug|Any CPU
		{89894D69-D2C8-45EF-B744-BEE77B259BE5}.Debug|Any CPU.Build.0 = Debug|Any CPU
		{89894D69-D2C8-45EF-B744-BEE77B259BE5}.Release|Any CPU.ActiveCfg = Release|Any CPU
		{89894D69-D2C8-45EF-B744-BEE77B259BE5}.Release|Any CPU.Build.0 = Release|Any CPU
		{B27126B9-CA29-4599-B40D-BF78A75DA603}.Debug|Any CPU.ActiveCfg = Debug|Any CPU
		{B27126B9-CA29-4599-B40D-BF78A75DA603}.Debug|Any CPU.Build.0 = Debug|Any CPU
		{B27126B9-CA29-4599-B40D-BF78A75DA603}.Release|Any CPU.ActiveCfg = Release|Any CPU
		{B27126B9-CA29-4599-B40D-BF78A75DA603}.Release|Any CPU.Build.0 = Release|Any CPU
		{E9E0974E-F0FD-48B5-89A9-7AEE940F5A75}.Debug|Any CPU.ActiveCfg = Debug|Any CPU
		{E9E0974E-F0FD-48B5-89A9-7AEE940F5A75}.Debug|Any CPU.Build.0 = Debug|Any CPU
		{E9E0974E-F0FD-48B5-89A9-7AEE940F5A75}.Release|Any CPU.ActiveCfg = Release|Any CPU
		{E9E0974E-F0FD-48B5-89A9-7AEE940F5A75}.Release|Any CPU.Build.0 = Release|Any CPU
		{0F938AA4-BBF3-461F-A572-3FB710A0A3FD}.Debug|Any CPU.ActiveCfg = Debug|Any CPU
		{0F938AA4-BBF3-461F-A572-3FB710A0A3FD}.Debug|Any CPU.Build.0 = Debug|Any CPU
		{0F938AA4-BBF3-461F-A572-3FB710A0A3FD}.Release|Any CPU.ActiveCfg = Release|Any CPU
		{0F938AA4-BBF3-461F-A572-3FB710A0A3FD}.Release|Any CPU.Build.0 = Release|Any CPU
		{25409CFF-7481-4057-85D9-2C09F1648B6B}.Debug|Any CPU.ActiveCfg = Debug|Any CPU
		{25409CFF-7481-4057-85D9-2C09F1648B6B}.Debug|Any CPU.Build.0 = Debug|Any CPU
		{25409CFF-7481-4057-85D9-2C09F1648B6B}.Release|Any CPU.ActiveCfg = Release|Any CPU
		{25409CFF-7481-4057-85D9-2C09F1648B6B}.Release|Any CPU.Build.0 = Release|Any CPU
		{2477209E-EE58-4505-9B20-370DA75773D3}.Debug|Any CPU.ActiveCfg = Debug|Any CPU
		{2477209E-EE58-4505-9B20-370DA75773D3}.Debug|Any CPU.Build.0 = Debug|Any CPU
		{2477209E-EE58-4505-9B20-370DA75773D3}.Release|Any CPU.ActiveCfg = Release|Any CPU
		{2477209E-EE58-4505-9B20-370DA75773D3}.Release|Any CPU.Build.0 = Release|Any CPU
		{81ECA20E-ED78-4D29-9F7D-57E1E2CBBD99}.Debug|Any CPU.ActiveCfg = Debug|Any CPU
		{81ECA20E-ED78-4D29-9F7D-57E1E2CBBD99}.Debug|Any CPU.Build.0 = Debug|Any CPU
		{81ECA20E-ED78-4D29-9F7D-57E1E2CBBD99}.Release|Any CPU.ActiveCfg = Release|Any CPU
		{81ECA20E-ED78-4D29-9F7D-57E1E2CBBD99}.Release|Any CPU.Build.0 = Release|Any CPU
		{4BCCBF58-CFB3-43DA-AE67-E43165432AC3}.Debug|Any CPU.ActiveCfg = Debug|Any CPU
		{4BCCBF58-CFB3-43DA-AE67-E43165432AC3}.Debug|Any CPU.Build.0 = Debug|Any CPU
		{4BCCBF58-CFB3-43DA-AE67-E43165432AC3}.Release|Any CPU.ActiveCfg = Release|Any CPU
		{4BCCBF58-CFB3-43DA-AE67-E43165432AC3}.Release|Any CPU.Build.0 = Release|Any CPU
		{0BB174DA-C454-4EB2-91D3-0DDD936A062C}.Debug|Any CPU.ActiveCfg = Debug|Any CPU
		{0BB174DA-C454-4EB2-91D3-0DDD936A062C}.Debug|Any CPU.Build.0 = Debug|Any CPU
		{0BB174DA-C454-4EB2-91D3-0DDD936A062C}.Release|Any CPU.ActiveCfg = Release|Any CPU
		{0BB174DA-C454-4EB2-91D3-0DDD936A062C}.Release|Any CPU.Build.0 = Release|Any CPU
		{9D125C45-7BC6-43E5-A737-CE38A256FE67}.Debug|Any CPU.ActiveCfg = Debug|Any CPU
		{9D125C45-7BC6-43E5-A737-CE38A256FE67}.Debug|Any CPU.Build.0 = Debug|Any CPU
		{9D125C45-7BC6-43E5-A737-CE38A256FE67}.Release|Any CPU.ActiveCfg = Release|Any CPU
		{9D125C45-7BC6-43E5-A737-CE38A256FE67}.Release|Any CPU.Build.0 = Release|Any CPU
	EndGlobalSection
	GlobalSection(SolutionProperties) = preSolution
		HideSolutionNode = FALSE
	EndGlobalSection
	GlobalSection(ExtensibilityGlobals) = postSolution
		SolutionGuid = {E54F227E-88DF-4BE9-BEAD-F2729B5A874D}
	EndGlobalSection
EndGlobal
