
Microsoft Visual Studio Solution File, Format Version 12.00
# Visual Studio 15
VisualStudioVersion = 15.0.27004.2002
MinimumVisualStudioVersion = 10.0.40219.1
Project("{FAE04EC0-301F-11D3-BF4B-00C04F79EFBC}") = "zadanie1", "..\laba8\zadanie1.csproj", "{27927A28-7D97-4CBB-8657-921FF54B0077}"
EndProject
Project("{FAE04EC0-301F-11D3-BF4B-00C04F79EFBC}") = "zadanie2", "..\zadanie2\zadanie2.csproj", "{615C3442-01C8-4BCC-9AA6-11F8B7CEBC24}"
EndProject
Project("{FAE04EC0-301F-11D3-BF4B-00C04F79EFBC}") = "zadanie3", "..\laba8\zadanie3\zadanie3.csproj", "{80D97E16-379A-47C0-A942-4AD591683438}"
EndProject
Project("{FAE04EC0-301F-11D3-BF4B-00C04F79EFBC}") = "zadanie4", "..\laba8\zadanie4\zadanie4.csproj", "{A2F4CC1A-AF3F-443D-B0C1-1A7AC8E3A387}"
EndProject
Project("{FAE04EC0-301F-11D3-BF4B-00C04F79EFBC}") = "zadanie5", "..\laba8\zadanie5\zadanie5.csproj", "{37D83635-6C1E-4D06-9B32-1D76B02ECFAD}"
EndProject
Global
	GlobalSection(SolutionConfigurationPlatforms) = preSolution
		Debug|Any CPU = Debug|Any CPU
		Release|Any CPU = Release|Any CPU
	EndGlobalSection
	GlobalSection(ProjectConfigurationPlatforms) = postSolution
		{27927A28-7D97-4CBB-8657-921FF54B0077}.Debug|Any CPU.ActiveCfg = Debug|Any CPU
		{27927A28-7D97-4CBB-8657-921FF54B0077}.Debug|Any CPU.Build.0 = Debug|Any CPU
		{27927A28-7D97-4CBB-8657-921FF54B0077}.Release|Any CPU.ActiveCfg = Release|Any CPU
		{27927A28-7D97-4CBB-8657-921FF54B0077}.Release|Any CPU.Build.0 = Release|Any CPU
		{615C3442-01C8-4BCC-9AA6-11F8B7CEBC24}.Debug|Any CPU.ActiveCfg = Debug|Any CPU
		{615C3442-01C8-4BCC-9AA6-11F8B7CEBC24}.Debug|Any CPU.Build.0 = Debug|Any CPU
		{615C3442-01C8-4BCC-9AA6-11F8B7CEBC24}.Release|Any CPU.ActiveCfg = Release|Any CPU
		{615C3442-01C8-4BCC-9AA6-11F8B7CEBC24}.Release|Any CPU.Build.0 = Release|Any CPU
		{80D97E16-379A-47C0-A942-4AD591683438}.Debug|Any CPU.ActiveCfg = Debug|Any CPU
		{80D97E16-379A-47C0-A942-4AD591683438}.Debug|Any CPU.Build.0 = Debug|Any CPU
		{80D97E16-379A-47C0-A942-4AD591683438}.Release|Any CPU.ActiveCfg = Release|Any CPU
		{80D97E16-379A-47C0-A942-4AD591683438}.Release|Any CPU.Build.0 = Release|Any CPU
		{A2F4CC1A-AF3F-443D-B0C1-1A7AC8E3A387}.Debug|Any CPU.ActiveCfg = Debug|Any CPU
		{A2F4CC1A-AF3F-443D-B0C1-1A7AC8E3A387}.Debug|Any CPU.Build.0 = Debug|Any CPU
		{A2F4CC1A-AF3F-443D-B0C1-1A7AC8E3A387}.Release|Any CPU.ActiveCfg = Release|Any CPU
		{A2F4CC1A-AF3F-443D-B0C1-1A7AC8E3A387}.Release|Any CPU.Build.0 = Release|Any CPU
		{37D83635-6C1E-4D06-9B32-1D76B02ECFAD}.Debug|Any CPU.ActiveCfg = Debug|Any CPU
		{37D83635-6C1E-4D06-9B32-1D76B02ECFAD}.Debug|Any CPU.Build.0 = Debug|Any CPU
		{37D83635-6C1E-4D06-9B32-1D76B02ECFAD}.Release|Any CPU.ActiveCfg = Release|Any CPU
		{37D83635-6C1E-4D06-9B32-1D76B02ECFAD}.Release|Any CPU.Build.0 = Release|Any CPU
	EndGlobalSection
	GlobalSection(SolutionProperties) = preSolution
		HideSolutionNode = FALSE
	EndGlobalSection
	GlobalSection(ExtensibilityGlobals) = postSolution
		SolutionGuid = {30C2B324-A858-4AB7-811A-47B836D09F2D}
	EndGlobalSection
EndGlobal
