
Microsoft Visual Studio Solution File, Format Version 12.00
# Visual Studio 15
VisualStudioVersion = 15.0.27004.2002
MinimumVisualStudioVersion = 10.0.40219.1
Project("{FAE04EC0-301F-11D3-BF4B-00C04F79EFBC}") = "zadanie1", "zadanie1\zadanie1.csproj", "{C3141134-DE0E-4D26-BCBD-D9BB59BFC976}"
EndProject
Project("{FAE04EC0-301F-11D3-BF4B-00C04F79EFBC}") = "zadanie2", "zadanie2\zadanie2.csproj", "{44E13AD4-265E-40F2-A7A5-839770F1E742}"
EndProject
Project("{FAE04EC0-301F-11D3-BF4B-00C04F79EFBC}") = "zadanie3", "zadanie3\zadanie3.csproj", "{5EEA1AE6-29F1-4967-BC79-34B48E23DDA5}"
EndProject
Project("{FAE04EC0-301F-11D3-BF4B-00C04F79EFBC}") = "zadanie4", "zadanie4\zadanie4.csproj", "{A7788237-68B7-48F1-939A-DC2C64AE8B18}"
EndProject
Project("{FAE04EC0-301F-11D3-BF4B-00C04F79EFBC}") = "zadanie5", "zadanie5\zadanie5.csproj", "{722E230C-3955-44E0-AFEB-F67B6B3CFCDB}"
EndProject
Project("{FAE04EC0-301F-11D3-BF4B-00C04F79EFBC}") = "zadanie6", "zadanie6\zadanie6.csproj", "{99A65B81-E77C-4AC9-8835-43CDE3318A67}"
EndProject
Project("{FAE04EC0-301F-11D3-BF4B-00C04F79EFBC}") = "zadanie7", "zadanie7\zadanie7.csproj", "{F827100E-992B-4A0E-ABFF-6F0F94CBC71D}"
EndProject
Project("{FAE04EC0-301F-11D3-BF4B-00C04F79EFBC}") = "zadanie8", "zadanie8\zadanie8.csproj", "{E014E1B4-3C09-4044-A3AD-F50E657FF1F4}"
EndProject
Project("{FAE04EC0-301F-11D3-BF4B-00C04F79EFBC}") = "zadanie9", "zadanie9\zadanie9.csproj", "{4539D3F2-C429-4D45-98DC-CABA05EB35DE}"
EndProject
Project("{FAE04EC0-301F-11D3-BF4B-00C04F79EFBC}") = "zadanie10", "zadanie10\zadanie10.csproj", "{D86A0BA7-A298-42CE-9A38-9BA60BFB46EE}"
EndProject
Project("{FAE04EC0-301F-11D3-BF4B-00C04F79EFBC}") = "zadanie11", "zadanie11\zadanie11.csproj", "{4DF609A0-2020-45FC-8ED5-19E7F8F47551}"
EndProject
Project("{FAE04EC0-301F-11D3-BF4B-00C04F79EFBC}") = "zadanie12", "zadanie12\zadanie12.csproj", "{D4F30CEB-BFC3-49C7-997E-FDA2ABD0B372}"
EndProject
Project("{FAE04EC0-301F-11D3-BF4B-00C04F79EFBC}") = "zadanie13", "zadanie13\zadanie13.csproj", "{9C9D0996-34F0-419E-B591-53D7098657F9}"
EndProject
Project("{FAE04EC0-301F-11D3-BF4B-00C04F79EFBC}") = "zadanie14", "zadanie14\zadanie14.csproj", "{156880AD-BFC7-47EA-910D-653E60365225}"
EndProject
Project("{FAE04EC0-301F-11D3-BF4B-00C04F79EFBC}") = "zadanie15", "zadanie15\zadanie15.csproj", "{C08CF11B-765D-4806-BD64-11EBC83B9AD4}"
EndProject
Project("{FAE04EC0-301F-11D3-BF4B-00C04F79EFBC}") = "zadanie16", "zadanie16\zadanie16.csproj", "{06DD27F7-AD38-40B5-BDFE-499E59D7F560}"
EndProject
Project("{FAE04EC0-301F-11D3-BF4B-00C04F79EFBC}") = "zadanie21", "zadanie21\zadanie21.csproj", "{24056557-F35A-45C6-83D8-B43723827108}"
EndProject
Project("{FAE04EC0-301F-11D3-BF4B-00C04F79EFBC}") = "zadanie25", "zadanie25\zadanie25.csproj", "{09FB6C05-A942-4EFF-8959-605F12DF80AA}"
EndProject
Project("{FAE04EC0-301F-11D3-BF4B-00C04F79EFBC}") = "zadanie30", "zadanie30\zadanie30.csproj", "{74DB5A8A-9D25-4C87-859C-5B1669162402}"
EndProject
Project("{FAE04EC0-301F-11D3-BF4B-00C04F79EFBC}") = "zadanie32", "zadanie32\zadanie32.csproj", "{D1E389A9-A263-478C-B292-ED951DCCE345}"
EndProject
Project("{FAE04EC0-301F-11D3-BF4B-00C04F79EFBC}") = "zadanie17", "zadanie17\zadanie17.csproj", "{915CAB12-C447-46BE-B02C-0E5186E0ECB4}"
EndProject
Project("{FAE04EC0-301F-11D3-BF4B-00C04F79EFBC}") = "zadanie18", "zadanie18\zadanie18.csproj", "{F4C92C79-ACE2-4683-971F-6447DAD23DDD}"
EndProject
Project("{FAE04EC0-301F-11D3-BF4B-00C04F79EFBC}") = "zadanie19", "zadanie19\zadanie19.csproj", "{2D5F559C-DC03-4C4C-94A9-675811FD87D2}"
EndProject
Project("{FAE04EC0-301F-11D3-BF4B-00C04F79EFBC}") = "zadanie20", "zadanie20\zadanie20.csproj", "{960F932B-AE16-4B75-BB45-628985108E96}"
EndProject
Project("{FAE04EC0-301F-11D3-BF4B-00C04F79EFBC}") = "zadanie22", "zadanie22\zadanie22.csproj", "{FA5499E7-CF82-4665-89D3-71EAA8DAD664}"
EndProject
Project("{FAE04EC0-301F-11D3-BF4B-00C04F79EFBC}") = "zadanie23", "zadanie23\zadanie23.csproj", "{CA6A7C6B-1371-4818-BA40-3340BF9B1C07}"
EndProject
Project("{FAE04EC0-301F-11D3-BF4B-00C04F79EFBC}") = "zadanie24", "zadanie24\zadanie24.csproj", "{9B427421-751B-4309-82B5-C62E21701B34}"
EndProject
Project("{FAE04EC0-301F-11D3-BF4B-00C04F79EFBC}") = "zadanie26", "zadanie26\zadanie26.csproj", "{68B2464E-B8A4-45FC-8773-B8F5941758B6}"
EndProject
Project("{FAE04EC0-301F-11D3-BF4B-00C04F79EFBC}") = "zadanie27", "zadanie27\zadanie27.csproj", "{AD0D9CA8-F1D0-4C36-A1FE-257C9C56BCCE}"
EndProject
Project("{FAE04EC0-301F-11D3-BF4B-00C04F79EFBC}") = "zadanie28", "zadanie28\zadanie28.csproj", "{90FFAA9B-6477-490D-A1A1-AE89FF94866F}"
EndProject
Project("{FAE04EC0-301F-11D3-BF4B-00C04F79EFBC}") = "zadanie29", "zadanie29\zadanie29.csproj", "{CF1EA929-D883-401B-BEE9-17DCACC57C68}"
EndProject
Project("{FAE04EC0-301F-11D3-BF4B-00C04F79EFBC}") = "zadanie31", "zadanie31\zadanie31.csproj", "{A9CF8359-8D58-4D50-80F3-6A159E705159}"
EndProject
Project("{FAE04EC0-301F-11D3-BF4B-00C04F79EFBC}") = "zadanie33", "zadanie33\zadanie33.csproj", "{13FD979E-4269-42A9-B7D5-EF7379358272}"
EndProject
Project("{FAE04EC0-301F-11D3-BF4B-00C04F79EFBC}") = "zadanie34", "zadanie34\zadanie34.csproj", "{25C9D00C-680D-45A5-B490-8E0D76590282}"
EndProject
Global
	GlobalSection(SolutionConfigurationPlatforms) = preSolution
		Debug|Any CPU = Debug|Any CPU
		Release|Any CPU = Release|Any CPU
	EndGlobalSection
	GlobalSection(ProjectConfigurationPlatforms) = postSolution
		{C3141134-DE0E-4D26-BCBD-D9BB59BFC976}.Debug|Any CPU.ActiveCfg = Debug|Any CPU
		{C3141134-DE0E-4D26-BCBD-D9BB59BFC976}.Debug|Any CPU.Build.0 = Debug|Any CPU
		{C3141134-DE0E-4D26-BCBD-D9BB59BFC976}.Release|Any CPU.ActiveCfg = Release|Any CPU
		{C3141134-DE0E-4D26-BCBD-D9BB59BFC976}.Release|Any CPU.Build.0 = Release|Any CPU
		{44E13AD4-265E-40F2-A7A5-839770F1E742}.Debug|Any CPU.ActiveCfg = Debug|Any CPU
		{44E13AD4-265E-40F2-A7A5-839770F1E742}.Debug|Any CPU.Build.0 = Debug|Any CPU
		{44E13AD4-265E-40F2-A7A5-839770F1E742}.Release|Any CPU.ActiveCfg = Release|Any CPU
		{44E13AD4-265E-40F2-A7A5-839770F1E742}.Release|Any CPU.Build.0 = Release|Any CPU
		{5EEA1AE6-29F1-4967-BC79-34B48E23DDA5}.Debug|Any CPU.ActiveCfg = Debug|Any CPU
		{5EEA1AE6-29F1-4967-BC79-34B48E23DDA5}.Debug|Any CPU.Build.0 = Debug|Any CPU
		{5EEA1AE6-29F1-4967-BC79-34B48E23DDA5}.Release|Any CPU.ActiveCfg = Release|Any CPU
		{5EEA1AE6-29F1-4967-BC79-34B48E23DDA5}.Release|Any CPU.Build.0 = Release|Any CPU
		{A7788237-68B7-48F1-939A-DC2C64AE8B18}.Debug|Any CPU.ActiveCfg = Debug|Any CPU
		{A7788237-68B7-48F1-939A-DC2C64AE8B18}.Debug|Any CPU.Build.0 = Debug|Any CPU
		{A7788237-68B7-48F1-939A-DC2C64AE8B18}.Release|Any CPU.ActiveCfg = Release|Any CPU
		{A7788237-68B7-48F1-939A-DC2C64AE8B18}.Release|Any CPU.Build.0 = Release|Any CPU
		{722E230C-3955-44E0-AFEB-F67B6B3CFCDB}.Debug|Any CPU.ActiveCfg = Debug|Any CPU
		{722E230C-3955-44E0-AFEB-F67B6B3CFCDB}.Debug|Any CPU.Build.0 = Debug|Any CPU
		{722E230C-3955-44E0-AFEB-F67B6B3CFCDB}.Release|Any CPU.ActiveCfg = Release|Any CPU
		{722E230C-3955-44E0-AFEB-F67B6B3CFCDB}.Release|Any CPU.Build.0 = Release|Any CPU
		{99A65B81-E77C-4AC9-8835-43CDE3318A67}.Debug|Any CPU.ActiveCfg = Debug|Any CPU
		{99A65B81-E77C-4AC9-8835-43CDE3318A67}.Debug|Any CPU.Build.0 = Debug|Any CPU
		{99A65B81-E77C-4AC9-8835-43CDE3318A67}.Release|Any CPU.ActiveCfg = Release|Any CPU
		{99A65B81-E77C-4AC9-8835-43CDE3318A67}.Release|Any CPU.Build.0 = Release|Any CPU
		{F827100E-992B-4A0E-ABFF-6F0F94CBC71D}.Debug|Any CPU.ActiveCfg = Debug|Any CPU
		{F827100E-992B-4A0E-ABFF-6F0F94CBC71D}.Debug|Any CPU.Build.0 = Debug|Any CPU
		{F827100E-992B-4A0E-ABFF-6F0F94CBC71D}.Release|Any CPU.ActiveCfg = Release|Any CPU
		{F827100E-992B-4A0E-ABFF-6F0F94CBC71D}.Release|Any CPU.Build.0 = Release|Any CPU
		{E014E1B4-3C09-4044-A3AD-F50E657FF1F4}.Debug|Any CPU.ActiveCfg = Debug|Any CPU
		{E014E1B4-3C09-4044-A3AD-F50E657FF1F4}.Debug|Any CPU.Build.0 = Debug|Any CPU
		{E014E1B4-3C09-4044-A3AD-F50E657FF1F4}.Release|Any CPU.ActiveCfg = Release|Any CPU
		{E014E1B4-3C09-4044-A3AD-F50E657FF1F4}.Release|Any CPU.Build.0 = Release|Any CPU
		{4539D3F2-C429-4D45-98DC-CABA05EB35DE}.Debug|Any CPU.ActiveCfg = Debug|Any CPU
		{4539D3F2-C429-4D45-98DC-CABA05EB35DE}.Debug|Any CPU.Build.0 = Debug|Any CPU
		{4539D3F2-C429-4D45-98DC-CABA05EB35DE}.Release|Any CPU.ActiveCfg = Release|Any CPU
		{4539D3F2-C429-4D45-98DC-CABA05EB35DE}.Release|Any CPU.Build.0 = Release|Any CPU
		{D86A0BA7-A298-42CE-9A38-9BA60BFB46EE}.Debug|Any CPU.ActiveCfg = Debug|Any CPU
		{D86A0BA7-A298-42CE-9A38-9BA60BFB46EE}.Debug|Any CPU.Build.0 = Debug|Any CPU
		{D86A0BA7-A298-42CE-9A38-9BA60BFB46EE}.Release|Any CPU.ActiveCfg = Release|Any CPU
		{D86A0BA7-A298-42CE-9A38-9BA60BFB46EE}.Release|Any CPU.Build.0 = Release|Any CPU
		{4DF609A0-2020-45FC-8ED5-19E7F8F47551}.Debug|Any CPU.ActiveCfg = Debug|Any CPU
		{4DF609A0-2020-45FC-8ED5-19E7F8F47551}.Debug|Any CPU.Build.0 = Debug|Any CPU
		{4DF609A0-2020-45FC-8ED5-19E7F8F47551}.Release|Any CPU.ActiveCfg = Release|Any CPU
		{4DF609A0-2020-45FC-8ED5-19E7F8F47551}.Release|Any CPU.Build.0 = Release|Any CPU
		{D4F30CEB-BFC3-49C7-997E-FDA2ABD0B372}.Debug|Any CPU.ActiveCfg = Debug|Any CPU
		{D4F30CEB-BFC3-49C7-997E-FDA2ABD0B372}.Debug|Any CPU.Build.0 = Debug|Any CPU
		{D4F30CEB-BFC3-49C7-997E-FDA2ABD0B372}.Release|Any CPU.ActiveCfg = Release|Any CPU
		{D4F30CEB-BFC3-49C7-997E-FDA2ABD0B372}.Release|Any CPU.Build.0 = Release|Any CPU
		{9C9D0996-34F0-419E-B591-53D7098657F9}.Debug|Any CPU.ActiveCfg = Debug|Any CPU
		{9C9D0996-34F0-419E-B591-53D7098657F9}.Debug|Any CPU.Build.0 = Debug|Any CPU
		{9C9D0996-34F0-419E-B591-53D7098657F9}.Release|Any CPU.ActiveCfg = Release|Any CPU
		{9C9D0996-34F0-419E-B591-53D7098657F9}.Release|Any CPU.Build.0 = Release|Any CPU
		{156880AD-BFC7-47EA-910D-653E60365225}.Debug|Any CPU.ActiveCfg = Debug|Any CPU
		{156880AD-BFC7-47EA-910D-653E60365225}.Debug|Any CPU.Build.0 = Debug|Any CPU
		{156880AD-BFC7-47EA-910D-653E60365225}.Release|Any CPU.ActiveCfg = Release|Any CPU
		{156880AD-BFC7-47EA-910D-653E60365225}.Release|Any CPU.Build.0 = Release|Any CPU
		{C08CF11B-765D-4806-BD64-11EBC83B9AD4}.Debug|Any CPU.ActiveCfg = Debug|Any CPU
		{C08CF11B-765D-4806-BD64-11EBC83B9AD4}.Debug|Any CPU.Build.0 = Debug|Any CPU
		{C08CF11B-765D-4806-BD64-11EBC83B9AD4}.Release|Any CPU.ActiveCfg = Release|Any CPU
		{C08CF11B-765D-4806-BD64-11EBC83B9AD4}.Release|Any CPU.Build.0 = Release|Any CPU
		{06DD27F7-AD38-40B5-BDFE-499E59D7F560}.Debug|Any CPU.ActiveCfg = Debug|Any CPU
		{06DD27F7-AD38-40B5-BDFE-499E59D7F560}.Debug|Any CPU.Build.0 = Debug|Any CPU
		{06DD27F7-AD38-40B5-BDFE-499E59D7F560}.Release|Any CPU.ActiveCfg = Release|Any CPU
		{06DD27F7-AD38-40B5-BDFE-499E59D7F560}.Release|Any CPU.Build.0 = Release|Any CPU
		{24056557-F35A-45C6-83D8-B43723827108}.Debug|Any CPU.ActiveCfg = Debug|Any CPU
		{24056557-F35A-45C6-83D8-B43723827108}.Debug|Any CPU.Build.0 = Debug|Any CPU
		{24056557-F35A-45C6-83D8-B43723827108}.Release|Any CPU.ActiveCfg = Release|Any CPU
		{24056557-F35A-45C6-83D8-B43723827108}.Release|Any CPU.Build.0 = Release|Any CPU
		{09FB6C05-A942-4EFF-8959-605F12DF80AA}.Debug|Any CPU.ActiveCfg = Debug|Any CPU
		{09FB6C05-A942-4EFF-8959-605F12DF80AA}.Debug|Any CPU.Build.0 = Debug|Any CPU
		{09FB6C05-A942-4EFF-8959-605F12DF80AA}.Release|Any CPU.ActiveCfg = Release|Any CPU
		{09FB6C05-A942-4EFF-8959-605F12DF80AA}.Release|Any CPU.Build.0 = Release|Any CPU
		{74DB5A8A-9D25-4C87-859C-5B1669162402}.Debug|Any CPU.ActiveCfg = Debug|Any CPU
		{74DB5A8A-9D25-4C87-859C-5B1669162402}.Debug|Any CPU.Build.0 = Debug|Any CPU
		{74DB5A8A-9D25-4C87-859C-5B1669162402}.Release|Any CPU.ActiveCfg = Release|Any CPU
		{74DB5A8A-9D25-4C87-859C-5B1669162402}.Release|Any CPU.Build.0 = Release|Any CPU
		{D1E389A9-A263-478C-B292-ED951DCCE345}.Debug|Any CPU.ActiveCfg = Debug|Any CPU
		{D1E389A9-A263-478C-B292-ED951DCCE345}.Debug|Any CPU.Build.0 = Debug|Any CPU
		{D1E389A9-A263-478C-B292-ED951DCCE345}.Release|Any CPU.ActiveCfg = Release|Any CPU
		{D1E389A9-A263-478C-B292-ED951DCCE345}.Release|Any CPU.Build.0 = Release|Any CPU
		{915CAB12-C447-46BE-B02C-0E5186E0ECB4}.Debug|Any CPU.ActiveCfg = Debug|Any CPU
		{915CAB12-C447-46BE-B02C-0E5186E0ECB4}.Debug|Any CPU.Build.0 = Debug|Any CPU
		{915CAB12-C447-46BE-B02C-0E5186E0ECB4}.Release|Any CPU.ActiveCfg = Release|Any CPU
		{915CAB12-C447-46BE-B02C-0E5186E0ECB4}.Release|Any CPU.Build.0 = Release|Any CPU
		{F4C92C79-ACE2-4683-971F-6447DAD23DDD}.Debug|Any CPU.ActiveCfg = Debug|Any CPU
		{F4C92C79-ACE2-4683-971F-6447DAD23DDD}.Debug|Any CPU.Build.0 = Debug|Any CPU
		{F4C92C79-ACE2-4683-971F-6447DAD23DDD}.Release|Any CPU.ActiveCfg = Release|Any CPU
		{F4C92C79-ACE2-4683-971F-6447DAD23DDD}.Release|Any CPU.Build.0 = Release|Any CPU
		{2D5F559C-DC03-4C4C-94A9-675811FD87D2}.Debug|Any CPU.ActiveCfg = Debug|Any CPU
		{2D5F559C-DC03-4C4C-94A9-675811FD87D2}.Debug|Any CPU.Build.0 = Debug|Any CPU
		{2D5F559C-DC03-4C4C-94A9-675811FD87D2}.Release|Any CPU.ActiveCfg = Release|Any CPU
		{2D5F559C-DC03-4C4C-94A9-675811FD87D2}.Release|Any CPU.Build.0 = Release|Any CPU
		{960F932B-AE16-4B75-BB45-628985108E96}.Debug|Any CPU.ActiveCfg = Debug|Any CPU
		{960F932B-AE16-4B75-BB45-628985108E96}.Debug|Any CPU.Build.0 = Debug|Any CPU
		{960F932B-AE16-4B75-BB45-628985108E96}.Release|Any CPU.ActiveCfg = Release|Any CPU
		{960F932B-AE16-4B75-BB45-628985108E96}.Release|Any CPU.Build.0 = Release|Any CPU
		{FA5499E7-CF82-4665-89D3-71EAA8DAD664}.Debug|Any CPU.ActiveCfg = Debug|Any CPU
		{FA5499E7-CF82-4665-89D3-71EAA8DAD664}.Debug|Any CPU.Build.0 = Debug|Any CPU
		{FA5499E7-CF82-4665-89D3-71EAA8DAD664}.Release|Any CPU.ActiveCfg = Release|Any CPU
		{FA5499E7-CF82-4665-89D3-71EAA8DAD664}.Release|Any CPU.Build.0 = Release|Any CPU
		{CA6A7C6B-1371-4818-BA40-3340BF9B1C07}.Debug|Any CPU.ActiveCfg = Debug|Any CPU
		{CA6A7C6B-1371-4818-BA40-3340BF9B1C07}.Debug|Any CPU.Build.0 = Debug|Any CPU
		{CA6A7C6B-1371-4818-BA40-3340BF9B1C07}.Release|Any CPU.ActiveCfg = Release|Any CPU
		{CA6A7C6B-1371-4818-BA40-3340BF9B1C07}.Release|Any CPU.Build.0 = Release|Any CPU
		{9B427421-751B-4309-82B5-C62E21701B34}.Debug|Any CPU.ActiveCfg = Debug|Any CPU
		{9B427421-751B-4309-82B5-C62E21701B34}.Debug|Any CPU.Build.0 = Debug|Any CPU
		{9B427421-751B-4309-82B5-C62E21701B34}.Release|Any CPU.ActiveCfg = Release|Any CPU
		{9B427421-751B-4309-82B5-C62E21701B34}.Release|Any CPU.Build.0 = Release|Any CPU
		{68B2464E-B8A4-45FC-8773-B8F5941758B6}.Debug|Any CPU.ActiveCfg = Debug|Any CPU
		{68B2464E-B8A4-45FC-8773-B8F5941758B6}.Debug|Any CPU.Build.0 = Debug|Any CPU
		{68B2464E-B8A4-45FC-8773-B8F5941758B6}.Release|Any CPU.ActiveCfg = Release|Any CPU
		{68B2464E-B8A4-45FC-8773-B8F5941758B6}.Release|Any CPU.Build.0 = Release|Any CPU
		{AD0D9CA8-F1D0-4C36-A1FE-257C9C56BCCE}.Debug|Any CPU.ActiveCfg = Debug|Any CPU
		{AD0D9CA8-F1D0-4C36-A1FE-257C9C56BCCE}.Debug|Any CPU.Build.0 = Debug|Any CPU
		{AD0D9CA8-F1D0-4C36-A1FE-257C9C56BCCE}.Release|Any CPU.ActiveCfg = Release|Any CPU
		{AD0D9CA8-F1D0-4C36-A1FE-257C9C56BCCE}.Release|Any CPU.Build.0 = Release|Any CPU
		{90FFAA9B-6477-490D-A1A1-AE89FF94866F}.Debug|Any CPU.ActiveCfg = Debug|Any CPU
		{90FFAA9B-6477-490D-A1A1-AE89FF94866F}.Debug|Any CPU.Build.0 = Debug|Any CPU
		{90FFAA9B-6477-490D-A1A1-AE89FF94866F}.Release|Any CPU.ActiveCfg = Release|Any CPU
		{90FFAA9B-6477-490D-A1A1-AE89FF94866F}.Release|Any CPU.Build.0 = Release|Any CPU
		{CF1EA929-D883-401B-BEE9-17DCACC57C68}.Debug|Any CPU.ActiveCfg = Debug|Any CPU
		{CF1EA929-D883-401B-BEE9-17DCACC57C68}.Debug|Any CPU.Build.0 = Debug|Any CPU
		{CF1EA929-D883-401B-BEE9-17DCACC57C68}.Release|Any CPU.ActiveCfg = Release|Any CPU
		{CF1EA929-D883-401B-BEE9-17DCACC57C68}.Release|Any CPU.Build.0 = Release|Any CPU
		{A9CF8359-8D58-4D50-80F3-6A159E705159}.Debug|Any CPU.ActiveCfg = Debug|Any CPU
		{A9CF8359-8D58-4D50-80F3-6A159E705159}.Debug|Any CPU.Build.0 = Debug|Any CPU
		{A9CF8359-8D58-4D50-80F3-6A159E705159}.Release|Any CPU.ActiveCfg = Release|Any CPU
		{A9CF8359-8D58-4D50-80F3-6A159E705159}.Release|Any CPU.Build.0 = Release|Any CPU
		{13FD979E-4269-42A9-B7D5-EF7379358272}.Debug|Any CPU.ActiveCfg = Debug|Any CPU
		{13FD979E-4269-42A9-B7D5-EF7379358272}.Debug|Any CPU.Build.0 = Debug|Any CPU
		{13FD979E-4269-42A9-B7D5-EF7379358272}.Release|Any CPU.ActiveCfg = Release|Any CPU
		{13FD979E-4269-42A9-B7D5-EF7379358272}.Release|Any CPU.Build.0 = Release|Any CPU
		{25C9D00C-680D-45A5-B490-8E0D76590282}.Debug|Any CPU.ActiveCfg = Debug|Any CPU
		{25C9D00C-680D-45A5-B490-8E0D76590282}.Debug|Any CPU.Build.0 = Debug|Any CPU
		{25C9D00C-680D-45A5-B490-8E0D76590282}.Release|Any CPU.ActiveCfg = Release|Any CPU
		{25C9D00C-680D-45A5-B490-8E0D76590282}.Release|Any CPU.Build.0 = Release|Any CPU
	EndGlobalSection
	GlobalSection(SolutionProperties) = preSolution
		HideSolutionNode = FALSE
	EndGlobalSection
	GlobalSection(ExtensibilityGlobals) = postSolution
		SolutionGuid = {4EC20FC6-1DDB-4244-AB41-FC092C3704D4}
	EndGlobalSection
EndGlobal
